
Microsoft Visual Studio Solution File, Format Version 12.00
# Visual Studio Version 17
VisualStudioVersion = 17.10.35122.118
MinimumVisualStudioVersion = 10.0.40219.1
Project("{9A19103F-16F7-4668-BE54-9A1E7A4F7556}") = "Hexa.NET.SDL2", "Hexa.NET.SDL2\Hexa.NET.SDL2.csproj", "{B2F0ECD6-E976-4F95-8995-3419023436BE}"
EndProject
Project("{9A19103F-16F7-4668-BE54-9A1E7A4F7556}") = "Generator", "Generator\Generator.csproj", "{E23DD7CA-8C27-4B28-A04C-323F85301CDB}"
EndProject
Project("{9A19103F-16F7-4668-BE54-9A1E7A4F7556}") = "Example", "Example\Example.csproj", "{FD826B07-B533-4229-AF02-6D1734E64044}"
EndProject
Project("{9A19103F-16F7-4668-BE54-9A1E7A4F7556}") = "ExampleImGui", "ExampleImGui\ExampleImGui.csproj", "{38502E55-8C18-4B2B-851D-D3533AE25003}"
EndProject
Project("{9A19103F-16F7-4668-BE54-9A1E7A4F7556}") = "ExampleAndroid", "ExampleAndroid\ExampleAndroid.csproj", "{0F0F9B1E-C6AE-43F1-9936-A3ADEDDCBCD9}"
EndProject
Project("{FAE04EC0-301F-11D3-BF4B-00C04F79EFBC}") = "Hexa.NET.SDL3", "Hexa.NET.SDL3\Hexa.NET.SDL3.csproj", "{179AEDDE-27F9-40A9-80C1-74ABCE079385}"
EndProject
Global
	GlobalSection(SolutionConfigurationPlatforms) = preSolution
		Debug|Any CPU = Debug|Any CPU
		Release|Any CPU = Release|Any CPU
	EndGlobalSection
	GlobalSection(ProjectConfigurationPlatforms) = postSolution
		{B2F0ECD6-E976-4F95-8995-3419023436BE}.Debug|Any CPU.ActiveCfg = Debug|Any CPU
		{B2F0ECD6-E976-4F95-8995-3419023436BE}.Debug|Any CPU.Build.0 = Debug|Any CPU
		{B2F0ECD6-E976-4F95-8995-3419023436BE}.Release|Any CPU.ActiveCfg = Release|Any CPU
		{B2F0ECD6-E976-4F95-8995-3419023436BE}.Release|Any CPU.Build.0 = Release|Any CPU
		{E23DD7CA-8C27-4B28-A04C-323F85301CDB}.Debug|Any CPU.ActiveCfg = Debug|Any CPU
		{E23DD7CA-8C27-4B28-A04C-323F85301CDB}.Debug|Any CPU.Build.0 = Debug|Any CPU
		{E23DD7CA-8C27-4B28-A04C-323F85301CDB}.Release|Any CPU.ActiveCfg = Release|Any CPU
		{E23DD7CA-8C27-4B28-A04C-323F85301CDB}.Release|Any CPU.Build.0 = Release|Any CPU
		{FD826B07-B533-4229-AF02-6D1734E64044}.Debug|Any CPU.ActiveCfg = Debug|Any CPU
		{FD826B07-B533-4229-AF02-6D1734E64044}.Debug|Any CPU.Build.0 = Debug|Any CPU
		{FD826B07-B533-4229-AF02-6D1734E64044}.Release|Any CPU.ActiveCfg = Release|Any CPU
		{FD826B07-B533-4229-AF02-6D1734E64044}.Release|Any CPU.Build.0 = Release|Any CPU
		{38502E55-8C18-4B2B-851D-D3533AE25003}.Debug|Any CPU.ActiveCfg = Debug|Any CPU
		{38502E55-8C18-4B2B-851D-D3533AE25003}.Debug|Any CPU.Build.0 = Debug|Any CPU
		{38502E55-8C18-4B2B-851D-D3533AE25003}.Release|Any CPU.ActiveCfg = Release|Any CPU
		{38502E55-8C18-4B2B-851D-D3533AE25003}.Release|Any CPU.Build.0 = Release|Any CPU
		{0F0F9B1E-C6AE-43F1-9936-A3ADEDDCBCD9}.Debug|Any CPU.ActiveCfg = Debug|Any CPU
		{0F0F9B1E-C6AE-43F1-9936-A3ADEDDCBCD9}.Debug|Any CPU.Build.0 = Debug|Any CPU
		{0F0F9B1E-C6AE-43F1-9936-A3ADEDDCBCD9}.Debug|Any CPU.Deploy.0 = Debug|Any CPU
		{0F0F9B1E-C6AE-43F1-9936-A3ADEDDCBCD9}.Release|Any CPU.ActiveCfg = Release|Any CPU
		{0F0F9B1E-C6AE-43F1-9936-A3ADEDDCBCD9}.Release|Any CPU.Build.0 = Release|Any CPU
		{0F0F9B1E-C6AE-43F1-9936-A3ADEDDCBCD9}.Release|Any CPU.Deploy.0 = Release|Any CPU
		{179AEDDE-27F9-40A9-80C1-74ABCE079385}.Debug|Any CPU.ActiveCfg = Debug|Any CPU
		{179AEDDE-27F9-40A9-80C1-74ABCE079385}.Debug|Any CPU.Build.0 = Debug|Any CPU
		{179AEDDE-27F9-40A9-80C1-74ABCE079385}.Release|Any CPU.ActiveCfg = Release|Any CPU
		{179AEDDE-27F9-40A9-80C1-74ABCE079385}.Release|Any CPU.Build.0 = Release|Any CPU
	EndGlobalSection
	GlobalSection(SolutionProperties) = preSolution
		HideSolutionNode = FALSE
	EndGlobalSection
	GlobalSection(ExtensibilityGlobals) = postSolution
		SolutionGuid = {4C314CF8-2545-48B1-BAC9-FDB0D66A97F7}
	EndGlobalSection
EndGlobal
